// !$*UTF8*$!
{
	archiveVersion = 1;
	classes = {
	};
	objectVersion = 46;
	objects = {

/* Begin PBXBuildFile section */
		0426DE7E20CAEC09001A6E55 /* common.cpp in Sources */ = {isa = PBXBuildFile; fileRef = 0426DE4A20CAEC09001A6E55 /* common.cpp */; };
		0426DE7F20CAEC09001A6E55 /* file_system.cpp in Sources */ = {isa = PBXBuildFile; fileRef = 0426DE4D20CAEC09001A6E55 /* file_system.cpp */; };
		0426DE8020CAEC09001A6E55 /* path.cpp in Sources */ = {isa = PBXBuildFile; fileRef = 0426DE4F20CAEC09001A6E55 /* path.cpp */; };
		0426DE8120CAEC09001A6E55 /* format.cc in Sources */ = {isa = PBXBuildFile; fileRef = 0426DE5820CAEC09001A6E55 /* format.cc */; };
		0426DE8220CAEC09001A6E55 /* ostream.cc in Sources */ = {isa = PBXBuildFile; fileRef = 0426DE5A20CAEC09001A6E55 /* ostream.cc */; };
		0426DE8320CAEC09001A6E55 /* posix.cc in Sources */ = {isa = PBXBuildFile; fileRef = 0426DE5B20CAEC09001A6E55 /* posix.cc */; };
		0426DE8420CAEC09001A6E55 /* printf.cc in Sources */ = {isa = PBXBuildFile; fileRef = 0426DE5D20CAEC09001A6E55 /* printf.cc */; };
		0426DE8520CAEC09001A6E55 /* xdelta3.cpp in Sources */ = {isa = PBXBuildFile; fileRef = 0426DE6F20CAEC09001A6E55 /* xdelta3.cpp */; };
		0426DE8620CAEC09001A6E55 /* crc32.cpp in Sources */ = {isa = PBXBuildFile; fileRef = 0426DE7320CAEC09001A6E55 /* crc32.cpp */; };
		0426DE8720CAEC09001A6E55 /* md5.cpp in Sources */ = {isa = PBXBuildFile; fileRef = 0426DE7520CAEC09001A6E55 /* md5.cpp */; };
		0426DE8820CAEC09001A6E55 /* sha1.cpp in Sources */ = {isa = PBXBuildFile; fileRef = 0426DE7620CAEC09001A6E55 /* sha1.cpp */; };
		0426DE9D20CAEC25001A6E55 /* liblzma.5.dylib in Frameworks */ = {isa = PBXBuildFile; fileRef = 0426DE9A20CAEC25001A6E55 /* liblzma.5.dylib */; };
		0426DE9E20CAEC25001A6E55 /* liblzma.a in Frameworks */ = {isa = PBXBuildFile; fileRef = 0426DE9B20CAEC25001A6E55 /* liblzma.a */; };
		0426DE9F20CAEC25001A6E55 /* liblzma.dylib in Frameworks */ = {isa = PBXBuildFile; fileRef = 0426DE9C20CAEC25001A6E55 /* liblzma.dylib */; };
		042F33BE20BF8EAA00FE15EE /* libleveldb.a in Frameworks */ = {isa = PBXBuildFile; fileRef = 042F33BD20BF8EAA00FE15EE /* libleveldb.a */; };
		04B863E320E1E48A00A315E3 /* clrmamepro.cpp in Sources */ = {isa = PBXBuildFile; fileRef = 04B863E220E1E48A00A315E3 /* clrmamepro.cpp */; };
		04CDA92C20C18E2500DBFB40 /* libosxfuse.2.dylib in Frameworks */ = {isa = PBXBuildFile; fileRef = 04CDA92A20C18DFC00DBFB40 /* libosxfuse.2.dylib */; };
		04D7656620BE1B4C00D25B87 /* main.cpp in Sources */ = {isa = PBXBuildFile; fileRef = 04D7656420BE1B4C00D25B87 /* main.cpp */; };
		04D7656820BE1BA300D25B87 /* dats in CopyFiles */ = {isa = PBXBuildFile; fileRef = 04D7656720BE1B9700D25B87 /* dats */; };
		04D7656F20BE1C2900D25B87 /* pugixml.cpp in Sources */ = {isa = PBXBuildFile; fileRef = 04D7656C20BE1C2900D25B87 /* pugixml.cpp */; };
		04D7658E20BE1DAF00D25B87 /* libz.tbd in Frameworks */ = {isa = PBXBuildFile; fileRef = 04D7658D20BE1DAF00D25B87 /* libz.tbd */; };
		04D7659920BE277700D25B87 /* logiqx.cpp in Sources */ = {isa = PBXBuildFile; fileRef = 04D7659820BE277700D25B87 /* logiqx.cpp */; };
/* End PBXBuildFile section */

/* Begin PBXCopyFilesBuildPhase section */
		04D7655720BE1B1400D25B87 /* CopyFiles */ = {
			isa = PBXCopyFilesBuildPhase;
			buildActionMask = 12;
			dstPath = "";
			dstSubfolderSpec = 16;
			files = (
				04D7656820BE1BA300D25B87 /* dats in CopyFiles */,
			);
			runOnlyForDeploymentPostprocessing = 0;
		};
/* End PBXCopyFilesBuildPhase section */

/* Begin PBXFileReference section */
		0426DE4820CAEC09001A6E55 /* arguments.h */ = {isa = PBXFileReference; fileEncoding = 4; lastKnownFileType = sourcecode.c.h; path = arguments.h; sourceTree = "<group>"; };
		0426DE4920CAEC09001A6E55 /* CMakeLists.txt */ = {isa = PBXFileReference; fileEncoding = 4; lastKnownFileType = text; path = CMakeLists.txt; sourceTree = "<group>"; };
		0426DE4A20CAEC09001A6E55 /* common.cpp */ = {isa = PBXFileReference; fileEncoding = 4; lastKnownFileType = sourcecode.cpp.cpp; path = common.cpp; sourceTree = "<group>"; };
		0426DE4B20CAEC09001A6E55 /* common.h */ = {isa = PBXFileReference; fileEncoding = 4; lastKnownFileType = sourcecode.c.h; path = common.h; sourceTree = "<group>"; };
		0426DE4C20CAEC09001A6E55 /* exceptions.h */ = {isa = PBXFileReference; fileEncoding = 4; lastKnownFileType = sourcecode.c.h; path = exceptions.h; sourceTree = "<group>"; };
		0426DE4D20CAEC09001A6E55 /* file_system.cpp */ = {isa = PBXFileReference; fileEncoding = 4; lastKnownFileType = sourcecode.cpp.cpp; path = file_system.cpp; sourceTree = "<group>"; };
		0426DE4E20CAEC09001A6E55 /* file_system.h */ = {isa = PBXFileReference; fileEncoding = 4; lastKnownFileType = sourcecode.c.h; path = file_system.h; sourceTree = "<group>"; };
		0426DE4F20CAEC09001A6E55 /* path.cpp */ = {isa = PBXFileReference; fileEncoding = 4; lastKnownFileType = sourcecode.cpp.cpp; path = path.cpp; sourceTree = "<group>"; };
		0426DE5020CAEC09001A6E55 /* path.h */ = {isa = PBXFileReference; fileEncoding = 4; lastKnownFileType = sourcecode.c.h; path = path.h; sourceTree = "<group>"; };
		0426DE5320CAEC09001A6E55 /* CMakeLists.txt */ = {isa = PBXFileReference; fileEncoding = 4; lastKnownFileType = text; path = CMakeLists.txt; sourceTree = "<group>"; };
		0426DE5420CAEC09001A6E55 /* fmt_container.h */ = {isa = PBXFileReference; fileEncoding = 4; lastKnownFileType = sourcecode.c.h; path = fmt_container.h; sourceTree = "<group>"; };
		0426DE5520CAEC09001A6E55 /* fmt_ostream.h */ = {isa = PBXFileReference; fileEncoding = 4; lastKnownFileType = sourcecode.c.h; path = fmt_ostream.h; sourceTree = "<group>"; };
		0426DE5620CAEC09001A6E55 /* fmt_string.h */ = {isa = PBXFileReference; fileEncoding = 4; lastKnownFileType = sourcecode.c.h; path = fmt_string.h; sourceTree = "<group>"; };
		0426DE5720CAEC09001A6E55 /* fmt_time.h */ = {isa = PBXFileReference; fileEncoding = 4; lastKnownFileType = sourcecode.c.h; path = fmt_time.h; sourceTree = "<group>"; };
		0426DE5820CAEC09001A6E55 /* format.cc */ = {isa = PBXFileReference; fileEncoding = 4; lastKnownFileType = sourcecode.cpp.cpp; path = format.cc; sourceTree = "<group>"; };
		0426DE5920CAEC09001A6E55 /* format.h */ = {isa = PBXFileReference; fileEncoding = 4; lastKnownFileType = sourcecode.c.h; path = format.h; sourceTree = "<group>"; };
		0426DE5A20CAEC09001A6E55 /* ostream.cc */ = {isa = PBXFileReference; fileEncoding = 4; lastKnownFileType = sourcecode.cpp.cpp; path = ostream.cc; sourceTree = "<group>"; };
		0426DE5B20CAEC09001A6E55 /* posix.cc */ = {isa = PBXFileReference; fileEncoding = 4; lastKnownFileType = sourcecode.cpp.cpp; path = posix.cc; sourceTree = "<group>"; };
		0426DE5C20CAEC09001A6E55 /* posix.h */ = {isa = PBXFileReference; fileEncoding = 4; lastKnownFileType = sourcecode.c.h; path = posix.h; sourceTree = "<group>"; };
		0426DE5D20CAEC09001A6E55 /* printf.cc */ = {isa = PBXFileReference; fileEncoding = 4; lastKnownFileType = sourcecode.cpp.cpp; path = printf.cc; sourceTree = "<group>"; };
		0426DE5E20CAEC09001A6E55 /* printf.h */ = {isa = PBXFileReference; fileEncoding = 4; lastKnownFileType = sourcecode.c.h; path = printf.h; sourceTree = "<group>"; };
		0426DE6120CAEC09001A6E55 /* CMakeLists.txt */ = {isa = PBXFileReference; fileEncoding = 4; lastKnownFileType = text; path = CMakeLists.txt; sourceTree = "<group>"; };
		0426DE6320CAEC09001A6E55 /* CMakeLists.txt */ = {isa = PBXFileReference; fileEncoding = 4; lastKnownFileType = text; path = CMakeLists.txt; sourceTree = "<group>"; };
		0426DE6420CAEC09001A6E55 /* xdelta3-blkcache.h */ = {isa = PBXFileReference; fileEncoding = 4; lastKnownFileType = sourcecode.c.h; path = "xdelta3-blkcache.h"; sourceTree = "<group>"; };
		0426DE6520CAEC09001A6E55 /* xdelta3-cfgs.h */ = {isa = PBXFileReference; fileEncoding = 4; lastKnownFileType = sourcecode.c.h; path = "xdelta3-cfgs.h"; sourceTree = "<group>"; };
		0426DE6620CAEC09001A6E55 /* xdelta3-decode.h */ = {isa = PBXFileReference; fileEncoding = 4; lastKnownFileType = sourcecode.c.h; path = "xdelta3-decode.h"; sourceTree = "<group>"; };
		0426DE6720CAEC09001A6E55 /* xdelta3-djw.h */ = {isa = PBXFileReference; fileEncoding = 4; lastKnownFileType = sourcecode.c.h; path = "xdelta3-djw.h"; sourceTree = "<group>"; };
		0426DE6820CAEC09001A6E55 /* xdelta3-fgk.h */ = {isa = PBXFileReference; fileEncoding = 4; lastKnownFileType = sourcecode.c.h; path = "xdelta3-fgk.h"; sourceTree = "<group>"; };
		0426DE6920CAEC09001A6E55 /* xdelta3-hash.h */ = {isa = PBXFileReference; fileEncoding = 4; lastKnownFileType = sourcecode.c.h; path = "xdelta3-hash.h"; sourceTree = "<group>"; };
		0426DE6A20CAEC09001A6E55 /* xdelta3-internal.h */ = {isa = PBXFileReference; fileEncoding = 4; lastKnownFileType = sourcecode.c.h; path = "xdelta3-internal.h"; sourceTree = "<group>"; };
		0426DE6B20CAEC09001A6E55 /* xdelta3-list.h */ = {isa = PBXFileReference; fileEncoding = 4; lastKnownFileType = sourcecode.c.h; path = "xdelta3-list.h"; sourceTree = "<group>"; };
		0426DE6C20CAEC09001A6E55 /* xdelta3-lzma.h */ = {isa = PBXFileReference; fileEncoding = 4; lastKnownFileType = sourcecode.c.h; path = "xdelta3-lzma.h"; sourceTree = "<group>"; };
		0426DE6D20CAEC09001A6E55 /* xdelta3-merge.h */ = {isa = PBXFileReference; fileEncoding = 4; lastKnownFileType = sourcecode.c.h; path = "xdelta3-merge.h"; sourceTree = "<group>"; };
		0426DE6E20CAEC09001A6E55 /* xdelta3-second.h */ = {isa = PBXFileReference; fileEncoding = 4; lastKnownFileType = sourcecode.c.h; path = "xdelta3-second.h"; sourceTree = "<group>"; };
		0426DE6F20CAEC09001A6E55 /* xdelta3.cpp */ = {isa = PBXFileReference; fileEncoding = 4; lastKnownFileType = sourcecode.cpp.cpp; path = xdelta3.cpp; sourceTree = "<group>"; };
		0426DE7020CAEC09001A6E55 /* xdelta3.h */ = {isa = PBXFileReference; fileEncoding = 4; lastKnownFileType = sourcecode.c.h; path = xdelta3.h; sourceTree = "<group>"; };
		0426DE7220CAEC09001A6E55 /* CMakeLists.txt */ = {isa = PBXFileReference; fileEncoding = 4; lastKnownFileType = text; path = CMakeLists.txt; sourceTree = "<group>"; };
		0426DE7320CAEC09001A6E55 /* crc32.cpp */ = {isa = PBXFileReference; fileEncoding = 4; lastKnownFileType = sourcecode.cpp.cpp; path = crc32.cpp; sourceTree = "<group>"; };
		0426DE7420CAEC09001A6E55 /* hash.h */ = {isa = PBXFileReference; fileEncoding = 4; lastKnownFileType = sourcecode.c.h; path = hash.h; sourceTree = "<group>"; };
		0426DE7520CAEC09001A6E55 /* md5.cpp */ = {isa = PBXFileReference; fileEncoding = 4; lastKnownFileType = sourcecode.cpp.cpp; path = md5.cpp; sourceTree = "<group>"; };
		0426DE7620CAEC09001A6E55 /* sha1.cpp */ = {isa = PBXFileReference; fileEncoding = 4; lastKnownFileType = sourcecode.cpp.cpp; path = sha1.cpp; sourceTree = "<group>"; };
		0426DE7820CAEC09001A6E55 /* CMakeLists.txt */ = {isa = PBXFileReference; fileEncoding = 4; lastKnownFileType = text; path = CMakeLists.txt; sourceTree = "<group>"; };
		0426DE7920CAEC09001A6E55 /* data_filter.h */ = {isa = PBXFileReference; fileEncoding = 4; lastKnownFileType = sourcecode.c.h; path = data_filter.h; sourceTree = "<group>"; };
		0426DE7A20CAEC09001A6E55 /* data_pipe.h */ = {isa = PBXFileReference; fileEncoding = 4; lastKnownFileType = sourcecode.c.h; path = data_pipe.h; sourceTree = "<group>"; };
		0426DE7B20CAEC09001A6E55 /* data_source.h */ = {isa = PBXFileReference; fileEncoding = 4; lastKnownFileType = sourcecode.c.h; path = data_source.h; sourceTree = "<group>"; };
		0426DE7C20CAEC09001A6E55 /* file_data_source.h */ = {isa = PBXFileReference; fileEncoding = 4; lastKnownFileType = sourcecode.c.h; path = file_data_source.h; sourceTree = "<group>"; };
		0426DE7D20CAEC09001A6E55 /* memory_buffer.h */ = {isa = PBXFileReference; fileEncoding = 4; lastKnownFileType = sourcecode.c.h; path = memory_buffer.h; sourceTree = "<group>"; };
		0426DE8B20CAEC1A001A6E55 /* base.h */ = {isa = PBXFileReference; fileEncoding = 4; lastKnownFileType = sourcecode.c.h; path = base.h; sourceTree = "<group>"; };
		0426DE8C20CAEC1A001A6E55 /* bcj.h */ = {isa = PBXFileReference; fileEncoding = 4; lastKnownFileType = sourcecode.c.h; path = bcj.h; sourceTree = "<group>"; };
		0426DE8D20CAEC1A001A6E55 /* block.h */ = {isa = PBXFileReference; fileEncoding = 4; lastKnownFileType = sourcecode.c.h; path = block.h; sourceTree = "<group>"; };
		0426DE8E20CAEC1A001A6E55 /* check.h */ = {isa = PBXFileReference; fileEncoding = 4; lastKnownFileType = sourcecode.c.h; path = check.h; sourceTree = "<group>"; };
		0426DE8F20CAEC1A001A6E55 /* container.h */ = {isa = PBXFileReference; fileEncoding = 4; lastKnownFileType = sourcecode.c.h; path = container.h; sourceTree = "<group>"; };
		0426DE9020CAEC1A001A6E55 /* delta.h */ = {isa = PBXFileReference; fileEncoding = 4; lastKnownFileType = sourcecode.c.h; path = delta.h; sourceTree = "<group>"; };
		0426DE9120CAEC1A001A6E55 /* filter.h */ = {isa = PBXFileReference; fileEncoding = 4; lastKnownFileType = sourcecode.c.h; path = filter.h; sourceTree = "<group>"; };
		0426DE9220CAEC1A001A6E55 /* hardware.h */ = {isa = PBXFileReference; fileEncoding = 4; lastKnownFileType = sourcecode.c.h; path = hardware.h; sourceTree = "<group>"; };
		0426DE9320CAEC1A001A6E55 /* index.h */ = {isa = PBXFileReference; fileEncoding = 4; lastKnownFileType = sourcecode.c.h; path = index.h; sourceTree = "<group>"; };
		0426DE9420CAEC1A001A6E55 /* index_hash.h */ = {isa = PBXFileReference; fileEncoding = 4; lastKnownFileType = sourcecode.c.h; path = index_hash.h; sourceTree = "<group>"; };
		0426DE9520CAEC1A001A6E55 /* lzma12.h */ = {isa = PBXFileReference; fileEncoding = 4; lastKnownFileType = sourcecode.c.h; path = lzma12.h; sourceTree = "<group>"; };
		0426DE9620CAEC1A001A6E55 /* stream_flags.h */ = {isa = PBXFileReference; fileEncoding = 4; lastKnownFileType = sourcecode.c.h; path = stream_flags.h; sourceTree = "<group>"; };
		0426DE9720CAEC1A001A6E55 /* version.h */ = {isa = PBXFileReference; fileEncoding = 4; lastKnownFileType = sourcecode.c.h; path = version.h; sourceTree = "<group>"; };
		0426DE9820CAEC1A001A6E55 /* vli.h */ = {isa = PBXFileReference; fileEncoding = 4; lastKnownFileType = sourcecode.c.h; path = vli.h; sourceTree = "<group>"; };
		0426DE9920CAEC1A001A6E55 /* lzma.h */ = {isa = PBXFileReference; fileEncoding = 4; lastKnownFileType = sourcecode.c.h; path = lzma.h; sourceTree = "<group>"; };
		0426DE9A20CAEC25001A6E55 /* liblzma.5.dylib */ = {isa = PBXFileReference; lastKnownFileType = "compiled.mach-o.dylib"; name = liblzma.5.dylib; path = ../toolbox/libs/lzma/lib/liblzma.5.dylib; sourceTree = "<group>"; };
		0426DE9B20CAEC25001A6E55 /* liblzma.a */ = {isa = PBXFileReference; lastKnownFileType = archive.ar; name = liblzma.a; path = ../toolbox/libs/lzma/lib/liblzma.a; sourceTree = "<group>"; };
		0426DE9C20CAEC25001A6E55 /* liblzma.dylib */ = {isa = PBXFileReference; lastKnownFileType = "compiled.mach-o.dylib"; name = liblzma.dylib; path = ../toolbox/libs/lzma/lib/liblzma.dylib; sourceTree = "<group>"; };
		042F33BD20BF8EAA00FE15EE /* libleveldb.a */ = {isa = PBXFileReference; lastKnownFileType = archive.ar; name = libleveldb.a; path = ../../../../../../../usr/local/Cellar/leveldb/1.20_2/lib/libleveldb.a; sourceTree = "<group>"; };
		04B863E220E1E48A00A315E3 /* clrmamepro.cpp */ = {isa = PBXFileReference; fileEncoding = 4; lastKnownFileType = sourcecode.cpp.cpp; path = clrmamepro.cpp; sourceTree = "<group>"; };
		04CDA92A20C18DFC00DBFB40 /* libosxfuse.2.dylib */ = {isa = PBXFileReference; lastKnownFileType = "compiled.mach-o.dylib"; name = libosxfuse.2.dylib; path = ../../../../../../../usr/local/lib/libosxfuse.2.dylib; sourceTree = "<group>"; };
		04D7655920BE1B1400D25B87 /* romatrix */ = {isa = PBXFileReference; explicitFileType = "compiled.mach-o.executable"; includeInIndex = 0; path = romatrix; sourceTree = BUILT_PRODUCTS_DIR; };
		04D7656420BE1B4C00D25B87 /* main.cpp */ = {isa = PBXFileReference; fileEncoding = 4; lastKnownFileType = sourcecode.cpp.cpp; path = main.cpp; sourceTree = "<group>"; };
		04D7656720BE1B9700D25B87 /* dats */ = {isa = PBXFileReference; lastKnownFileType = folder; name = dats; path = ../dats; sourceTree = "<group>"; };
		04D7656B20BE1C2900D25B87 /* pugiconfig.hpp */ = {isa = PBXFileReference; fileEncoding = 4; lastKnownFileType = sourcecode.cpp.h; path = pugiconfig.hpp; sourceTree = "<group>"; };
		04D7656C20BE1C2900D25B87 /* pugixml.cpp */ = {isa = PBXFileReference; fileEncoding = 4; lastKnownFileType = sourcecode.cpp.cpp; path = pugixml.cpp; sourceTree = "<group>"; };
		04D7656D20BE1C2900D25B87 /* pugixml.hpp */ = {isa = PBXFileReference; fileEncoding = 4; lastKnownFileType = sourcecode.cpp.h; path = pugixml.hpp; sourceTree = "<group>"; };
		04D7657020BE1C9A00D25B87 /* parser.h */ = {isa = PBXFileReference; lastKnownFileType = sourcecode.c.h; path = parser.h; sourceTree = "<group>"; };
		04D7658D20BE1DAF00D25B87 /* libz.tbd */ = {isa = PBXFileReference; lastKnownFileType = "sourcecode.text-based-dylib-definition"; name = libz.tbd; path = usr/lib/libz.tbd; sourceTree = SDKROOT; };
		04D7659820BE277700D25B87 /* logiqx.cpp */ = {isa = PBXFileReference; fileEncoding = 4; lastKnownFileType = sourcecode.cpp.cpp; path = logiqx.cpp; sourceTree = "<group>"; };
		04D7659A20BE278900D25B87 /* entry.h */ = {isa = PBXFileReference; lastKnownFileType = sourcecode.c.h; path = entry.h; sourceTree = "<group>"; };
/* End PBXFileReference section */

/* Begin PBXFrameworksBuildPhase section */
		04D7655620BE1B1400D25B87 /* Frameworks */ = {
			isa = PBXFrameworksBuildPhase;
			buildActionMask = 2147483647;
			files = (
				04CDA92C20C18E2500DBFB40 /* libosxfuse.2.dylib in Frameworks */,
				042F33BE20BF8EAA00FE15EE /* libleveldb.a in Frameworks */,
				04D7658E20BE1DAF00D25B87 /* libz.tbd in Frameworks */,
				0426DE9E20CAEC25001A6E55 /* liblzma.a in Frameworks */,
				0426DE9F20CAEC25001A6E55 /* liblzma.dylib in Frameworks */,
				0426DE9D20CAEC25001A6E55 /* liblzma.5.dylib in Frameworks */,
			);
			runOnlyForDeploymentPostprocessing = 0;
		};
/* End PBXFrameworksBuildPhase section */

/* Begin PBXGroup section */
		0426DE4620CAEC09001A6E55 /* lib */ = {
			isa = PBXGroup;
			children = (
				0426DE4720CAEC09001A6E55 /* base */,
				0426DE5120CAEC09001A6E55 /* extra */,
				0426DE5F20CAEC09001A6E55 /* formats */,
				0426DE7120CAEC09001A6E55 /* hash */,
				0426DE7720CAEC09001A6E55 /* streams */,
			);
			name = lib;
			path = ../toolbox/src/tbx;
			sourceTree = "<group>";
		};
		0426DE4720CAEC09001A6E55 /* base */ = {
			isa = PBXGroup;
			children = (
				0426DE4820CAEC09001A6E55 /* arguments.h */,
				0426DE4920CAEC09001A6E55 /* CMakeLists.txt */,
				0426DE4A20CAEC09001A6E55 /* common.cpp */,
				0426DE4B20CAEC09001A6E55 /* common.h */,
				0426DE4C20CAEC09001A6E55 /* exceptions.h */,
				0426DE4D20CAEC09001A6E55 /* file_system.cpp */,
				0426DE4E20CAEC09001A6E55 /* file_system.h */,
				0426DE4F20CAEC09001A6E55 /* path.cpp */,
				0426DE5020CAEC09001A6E55 /* path.h */,
			);
			path = base;
			sourceTree = "<group>";
		};
		0426DE5120CAEC09001A6E55 /* extra */ = {
			isa = PBXGroup;
			children = (
				0426DE5220CAEC09001A6E55 /* fmt */,
			);
			path = extra;
			sourceTree = "<group>";
		};
		0426DE5220CAEC09001A6E55 /* fmt */ = {
			isa = PBXGroup;
			children = (
				0426DE5320CAEC09001A6E55 /* CMakeLists.txt */,
				0426DE5420CAEC09001A6E55 /* fmt_container.h */,
				0426DE5520CAEC09001A6E55 /* fmt_ostream.h */,
				0426DE5620CAEC09001A6E55 /* fmt_string.h */,
				0426DE5720CAEC09001A6E55 /* fmt_time.h */,
				0426DE5820CAEC09001A6E55 /* format.cc */,
				0426DE5920CAEC09001A6E55 /* format.h */,
				0426DE5A20CAEC09001A6E55 /* ostream.cc */,
				0426DE5B20CAEC09001A6E55 /* posix.cc */,
				0426DE5C20CAEC09001A6E55 /* posix.h */,
				0426DE5D20CAEC09001A6E55 /* printf.cc */,
				0426DE5E20CAEC09001A6E55 /* printf.h */,
			);
			path = fmt;
			sourceTree = "<group>";
		};
		0426DE5F20CAEC09001A6E55 /* formats */ = {
			isa = PBXGroup;
			children = (
				0426DE6020CAEC09001A6E55 /* patch */,
			);
			path = formats;
			sourceTree = "<group>";
		};
		0426DE6020CAEC09001A6E55 /* patch */ = {
			isa = PBXGroup;
			children = (
				0426DE6120CAEC09001A6E55 /* CMakeLists.txt */,
				0426DE6220CAEC09001A6E55 /* xdelta3 */,
			);
			path = patch;
			sourceTree = "<group>";
		};
		0426DE6220CAEC09001A6E55 /* xdelta3 */ = {
			isa = PBXGroup;
			children = (
				0426DE6320CAEC09001A6E55 /* CMakeLists.txt */,
				0426DE6420CAEC09001A6E55 /* xdelta3-blkcache.h */,
				0426DE6520CAEC09001A6E55 /* xdelta3-cfgs.h */,
				0426DE6620CAEC09001A6E55 /* xdelta3-decode.h */,
				0426DE6720CAEC09001A6E55 /* xdelta3-djw.h */,
				0426DE6820CAEC09001A6E55 /* xdelta3-fgk.h */,
				0426DE6920CAEC09001A6E55 /* xdelta3-hash.h */,
				0426DE6A20CAEC09001A6E55 /* xdelta3-internal.h */,
				0426DE6B20CAEC09001A6E55 /* xdelta3-list.h */,
				0426DE6C20CAEC09001A6E55 /* xdelta3-lzma.h */,
				0426DE6D20CAEC09001A6E55 /* xdelta3-merge.h */,
				0426DE6E20CAEC09001A6E55 /* xdelta3-second.h */,
				0426DE6F20CAEC09001A6E55 /* xdelta3.cpp */,
				0426DE7020CAEC09001A6E55 /* xdelta3.h */,
			);
			path = xdelta3;
			sourceTree = "<group>";
		};
		0426DE7120CAEC09001A6E55 /* hash */ = {
			isa = PBXGroup;
			children = (
				0426DE7220CAEC09001A6E55 /* CMakeLists.txt */,
				0426DE7320CAEC09001A6E55 /* crc32.cpp */,
				0426DE7420CAEC09001A6E55 /* hash.h */,
				0426DE7520CAEC09001A6E55 /* md5.cpp */,
				0426DE7620CAEC09001A6E55 /* sha1.cpp */,
			);
			path = hash;
			sourceTree = "<group>";
		};
		0426DE7720CAEC09001A6E55 /* streams */ = {
			isa = PBXGroup;
			children = (
				0426DE7820CAEC09001A6E55 /* CMakeLists.txt */,
				0426DE7920CAEC09001A6E55 /* data_filter.h */,
				0426DE7A20CAEC09001A6E55 /* data_pipe.h */,
				0426DE7B20CAEC09001A6E55 /* data_source.h */,
				0426DE7C20CAEC09001A6E55 /* file_data_source.h */,
				0426DE7D20CAEC09001A6E55 /* memory_buffer.h */,
			);
			path = streams;
			sourceTree = "<group>";
		};
		0426DE8920CAEC1A001A6E55 /* include */ = {
			isa = PBXGroup;
			children = (
				0426DE8A20CAEC1A001A6E55 /* lzma */,
				0426DE9920CAEC1A001A6E55 /* lzma.h */,
			);
			name = include;
			path = ../toolbox/libs/lzma/include;
			sourceTree = "<group>";
		};
		0426DE8A20CAEC1A001A6E55 /* lzma */ = {
			isa = PBXGroup;
			children = (
				0426DE8B20CAEC1A001A6E55 /* base.h */,
				0426DE8C20CAEC1A001A6E55 /* bcj.h */,
				0426DE8D20CAEC1A001A6E55 /* block.h */,
				0426DE8E20CAEC1A001A6E55 /* check.h */,
				0426DE8F20CAEC1A001A6E55 /* container.h */,
				0426DE9020CAEC1A001A6E55 /* delta.h */,
				0426DE9120CAEC1A001A6E55 /* filter.h */,
				0426DE9220CAEC1A001A6E55 /* hardware.h */,
				0426DE9320CAEC1A001A6E55 /* index.h */,
				0426DE9420CAEC1A001A6E55 /* index_hash.h */,
				0426DE9520CAEC1A001A6E55 /* lzma12.h */,
				0426DE9620CAEC1A001A6E55 /* stream_flags.h */,
				0426DE9720CAEC1A001A6E55 /* version.h */,
				0426DE9820CAEC1A001A6E55 /* vli.h */,
			);
			path = lzma;
			sourceTree = "<group>";
		};
		04D7655020BE1B1400D25B87 = {
			isa = PBXGroup;
			children = (
				0426DE8920CAEC1A001A6E55 /* include */,
				04D7656320BE1B3700D25B87 /* src */,
				04D7656720BE1B9700D25B87 /* dats */,
				04D7655A20BE1B1400D25B87 /* Products */,
				04D7658C20BE1DAF00D25B87 /* Frameworks */,
			);
			sourceTree = "<group>";
		};
		04D7655A20BE1B1400D25B87 /* Products */ = {
			isa = PBXGroup;
			children = (
				04D7655920BE1B1400D25B87 /* romatrix */,
			);
			name = Products;
			sourceTree = "<group>";
		};
		04D7656320BE1B3700D25B87 /* src */ = {
			isa = PBXGroup;
			children = (
				0426DE4620CAEC09001A6E55 /* lib */,
				04D7658F20BE1E0600D25B87 /* data */,
				04D7656920BE1C2900D25B87 /* libs */,
				04D7656E20BE1C2900D25B87 /* parsers */,
				04D7656420BE1B4C00D25B87 /* main.cpp */,
			);
			name = src;
			path = ../src;
			sourceTree = "<group>";
		};
		04D7656920BE1C2900D25B87 /* libs */ = {
			isa = PBXGroup;
			children = (
				04D7656A20BE1C2900D25B87 /* pugixml */,
			);
			path = libs;
			sourceTree = "<group>";
		};
		04D7656A20BE1C2900D25B87 /* pugixml */ = {
			isa = PBXGroup;
			children = (
				04D7656B20BE1C2900D25B87 /* pugiconfig.hpp */,
				04D7656C20BE1C2900D25B87 /* pugixml.cpp */,
				04D7656D20BE1C2900D25B87 /* pugixml.hpp */,
			);
			path = pugixml;
			sourceTree = "<group>";
		};
		04D7656E20BE1C2900D25B87 /* parsers */ = {
			isa = PBXGroup;
			children = (
				04B863E220E1E48A00A315E3 /* clrmamepro.cpp */,
				04D7659820BE277700D25B87 /* logiqx.cpp */,
				04D7657020BE1C9A00D25B87 /* parser.h */,
			);
			path = parsers;
			sourceTree = "<group>";
		};
		04D7658C20BE1DAF00D25B87 /* Frameworks */ = {
			isa = PBXGroup;
			children = (
				0426DE9A20CAEC25001A6E55 /* liblzma.5.dylib */,
				0426DE9B20CAEC25001A6E55 /* liblzma.a */,
				0426DE9C20CAEC25001A6E55 /* liblzma.dylib */,
				04CDA92A20C18DFC00DBFB40 /* libosxfuse.2.dylib */,
				042F33BD20BF8EAA00FE15EE /* libleveldb.a */,
				04D7658D20BE1DAF00D25B87 /* libz.tbd */,
			);
			name = Frameworks;
			sourceTree = "<group>";
		};
		04D7658F20BE1E0600D25B87 /* data */ = {
			isa = PBXGroup;
			children = (
				04D7659A20BE278900D25B87 /* entry.h */,
			);
			path = data;
			sourceTree = "<group>";
		};
/* End PBXGroup section */

/* Begin PBXNativeTarget section */
		04D7655820BE1B1400D25B87 /* romatrix */ = {
			isa = PBXNativeTarget;
			buildConfigurationList = 04D7656020BE1B1400D25B87 /* Build configuration list for PBXNativeTarget "romatrix" */;
			buildPhases = (
				04D7655520BE1B1400D25B87 /* Sources */,
				04D7655620BE1B1400D25B87 /* Frameworks */,
				04D7655720BE1B1400D25B87 /* CopyFiles */,
			);
			buildRules = (
			);
			dependencies = (
			);
			name = romatrix;
			productName = romatrix;
			productReference = 04D7655920BE1B1400D25B87 /* romatrix */;
			productType = "com.apple.product-type.tool";
		};
/* End PBXNativeTarget section */

/* Begin PBXProject section */
		04D7655120BE1B1400D25B87 /* Project object */ = {
			isa = PBXProject;
			attributes = {
				LastUpgradeCheck = 0810;
				ORGANIZATIONNAME = Jack;
				TargetAttributes = {
					04D7655820BE1B1400D25B87 = {
						CreatedOnToolsVersion = 8.1;
						ProvisioningStyle = Automatic;
					};
				};
			};
			buildConfigurationList = 04D7655420BE1B1400D25B87 /* Build configuration list for PBXProject "romatrix" */;
			compatibilityVersion = "Xcode 3.2";
			developmentRegion = English;
			hasScannedForEncodings = 0;
			knownRegions = (
				en,
			);
			mainGroup = 04D7655020BE1B1400D25B87;
			productRefGroup = 04D7655A20BE1B1400D25B87 /* Products */;
			projectDirPath = "";
			projectRoot = "";
			targets = (
				04D7655820BE1B1400D25B87 /* romatrix */,
			);
		};
/* End PBXProject section */

/* Begin PBXSourcesBuildPhase section */
		04D7655520BE1B1400D25B87 /* Sources */ = {
			isa = PBXSourcesBuildPhase;
			buildActionMask = 2147483647;
			files = (
				0426DE8620CAEC09001A6E55 /* crc32.cpp in Sources */,
				0426DE8520CAEC09001A6E55 /* xdelta3.cpp in Sources */,
				0426DE7F20CAEC09001A6E55 /* file_system.cpp in Sources */,
				0426DE8320CAEC09001A6E55 /* posix.cc in Sources */,
				0426DE8020CAEC09001A6E55 /* path.cpp in Sources */,
				0426DE8120CAEC09001A6E55 /* format.cc in Sources */,
				0426DE8220CAEC09001A6E55 /* ostream.cc in Sources */,
				0426DE8820CAEC09001A6E55 /* sha1.cpp in Sources */,
				04B863E320E1E48A00A315E3 /* clrmamepro.cpp in Sources */,
				04D7656F20BE1C2900D25B87 /* pugixml.cpp in Sources */,
				0426DE7E20CAEC09001A6E55 /* common.cpp in Sources */,
				0426DE8720CAEC09001A6E55 /* md5.cpp in Sources */,
				0426DE8420CAEC09001A6E55 /* printf.cc in Sources */,
				04D7659920BE277700D25B87 /* logiqx.cpp in Sources */,
				04D7656620BE1B4C00D25B87 /* main.cpp in Sources */,
			);
			runOnlyForDeploymentPostprocessing = 0;
		};
/* End PBXSourcesBuildPhase section */

/* Begin XCBuildConfiguration section */
		04D7655E20BE1B1400D25B87 /* Debug */ = {
			isa = XCBuildConfiguration;
			buildSettings = {
				ALWAYS_SEARCH_USER_PATHS = NO;
				CLANG_ANALYZER_NONNULL = YES;
				CLANG_CXX_LANGUAGE_STANDARD = "gnu++0x";
				CLANG_CXX_LIBRARY = "libc++";
				CLANG_ENABLE_MODULES = YES;
				CLANG_ENABLE_OBJC_ARC = YES;
				CLANG_WARN_BOOL_CONVERSION = YES;
				CLANG_WARN_CONSTANT_CONVERSION = YES;
				CLANG_WARN_DIRECT_OBJC_ISA_USAGE = YES_ERROR;
				CLANG_WARN_DOCUMENTATION_COMMENTS = YES;
				CLANG_WARN_EMPTY_BODY = YES;
				CLANG_WARN_ENUM_CONVERSION = YES;
				CLANG_WARN_INFINITE_RECURSION = YES;
				CLANG_WARN_INT_CONVERSION = YES;
				CLANG_WARN_OBJC_ROOT_CLASS = YES_ERROR;
				CLANG_WARN_SUSPICIOUS_MOVES = YES;
				CLANG_WARN_UNREACHABLE_CODE = YES;
				CLANG_WARN__DUPLICATE_METHOD_MATCH = YES;
				CODE_SIGN_IDENTITY = "-";
				COPY_PHASE_STRIP = NO;
				DEBUG_INFORMATION_FORMAT = dwarf;
				ENABLE_STRICT_OBJC_MSGSEND = YES;
				ENABLE_TESTABILITY = YES;
				GCC_C_LANGUAGE_STANDARD = gnu99;
				GCC_DYNAMIC_NO_PIC = NO;
				GCC_NO_COMMON_BLOCKS = YES;
				GCC_OPTIMIZATION_LEVEL = 0;
				GCC_PREPROCESSOR_DEFINITIONS = (
					"DEBUG=1",
					"$(inherited)",
				);
				GCC_WARN_64_TO_32_BIT_CONVERSION = YES;
				GCC_WARN_ABOUT_RETURN_TYPE = YES_ERROR;
				GCC_WARN_UNDECLARED_SELECTOR = YES;
				GCC_WARN_UNINITIALIZED_AUTOS = YES_AGGRESSIVE;
				GCC_WARN_UNUSED_FUNCTION = YES;
				GCC_WARN_UNUSED_VARIABLE = YES;
				MACOSX_DEPLOYMENT_TARGET = 10.11;
				MTL_ENABLE_DEBUG_INFO = YES;
				ONLY_ACTIVE_ARCH = YES;
				SDKROOT = macosx;
			};
			name = Debug;
		};
		04D7655F20BE1B1400D25B87 /* Release */ = {
			isa = XCBuildConfiguration;
			buildSettings = {
				ALWAYS_SEARCH_USER_PATHS = NO;
				CLANG_ANALYZER_NONNULL = YES;
				CLANG_CXX_LANGUAGE_STANDARD = "gnu++0x";
				CLANG_CXX_LIBRARY = "libc++";
				CLANG_ENABLE_MODULES = YES;
				CLANG_ENABLE_OBJC_ARC = YES;
				CLANG_WARN_BOOL_CONVERSION = YES;
				CLANG_WARN_CONSTANT_CONVERSION = YES;
				CLANG_WARN_DIRECT_OBJC_ISA_USAGE = YES_ERROR;
				CLANG_WARN_DOCUMENTATION_COMMENTS = YES;
				CLANG_WARN_EMPTY_BODY = YES;
				CLANG_WARN_ENUM_CONVERSION = YES;
				CLANG_WARN_INFINITE_RECURSION = YES;
				CLANG_WARN_INT_CONVERSION = YES;
				CLANG_WARN_OBJC_ROOT_CLASS = YES_ERROR;
				CLANG_WARN_SUSPICIOUS_MOVES = YES;
				CLANG_WARN_UNREACHABLE_CODE = YES;
				CLANG_WARN__DUPLICATE_METHOD_MATCH = YES;
				CODE_SIGN_IDENTITY = "-";
				COPY_PHASE_STRIP = NO;
				DEBUG_INFORMATION_FORMAT = "dwarf-with-dsym";
				ENABLE_NS_ASSERTIONS = NO;
				ENABLE_STRICT_OBJC_MSGSEND = YES;
				GCC_C_LANGUAGE_STANDARD = gnu99;
				GCC_NO_COMMON_BLOCKS = YES;
				GCC_WARN_64_TO_32_BIT_CONVERSION = YES;
				GCC_WARN_ABOUT_RETURN_TYPE = YES_ERROR;
				GCC_WARN_UNDECLARED_SELECTOR = YES;
				GCC_WARN_UNINITIALIZED_AUTOS = YES_AGGRESSIVE;
				GCC_WARN_UNUSED_FUNCTION = YES;
				GCC_WARN_UNUSED_VARIABLE = YES;
				MACOSX_DEPLOYMENT_TARGET = 10.11;
				MTL_ENABLE_DEBUG_INFO = NO;
				SDKROOT = macosx;
			};
			name = Release;
		};
		04D7656120BE1B1400D25B87 /* Debug */ = {
			isa = XCBuildConfiguration;
			buildSettings = {
				GCC_PREPROCESSOR_DEFINITIONS = (
					"_FILE_OFFSET_BITS=64",
					"DEBUG=1",
				);
				HEADER_SEARCH_PATHS = (
					"${SRCROOT}/../toolbox/src",
					"${SRCROOT}/../src",
					/usr/local/Cellar/leveldb/1.20_2/include,
					/usr/local/include/osxfuse,
					"${SRCROOT}/../toolbox/libs/lzma/include",
				);
				LIBRARY_SEARCH_PATHS = (
					/usr/local/Cellar/leveldb/1.20_2/lib,
					/usr/local/lib,
				);
				PRODUCT_NAME = "$(TARGET_NAME)";
				USE_HEADERMAP = NO;
				WARNING_CFLAGS = "-Wno-documentation";
			};
			name = Debug;
		};
		04D7656220BE1B1400D25B87 /* Release */ = {
			isa = XCBuildConfiguration;
			buildSettings = {
				GCC_PREPROCESSOR_DEFINITIONS = "_FILE_OFFSET_BITS=64";
				HEADER_SEARCH_PATHS = (
					"${SRCROOT}/../toolbox/src",
					"${SRCROOT}/../src",
					/usr/local/Cellar/leveldb/1.20_2/include,
					/usr/local/include/osxfuse,
					"${SRCROOT}/../toolbox/libs/lzma/include",
				);
				LIBRARY_SEARCH_PATHS = (
					/usr/local/Cellar/leveldb/1.20_2/lib,
					/usr/local/lib,
				);
				PRODUCT_NAME = "$(TARGET_NAME)";
				USE_HEADERMAP = NO;
				WARNING_CFLAGS = "-Wno-documentation";
			};
			name = Release;
		};
/* End XCBuildConfiguration section */

/* Begin XCConfigurationList section */
		04D7655420BE1B1400D25B87 /* Build configuration list for PBXProject "romatrix" */ = {
			isa = XCConfigurationList;
			buildConfigurations = (
				04D7655E20BE1B1400D25B87 /* Debug */,
				04D7655F20BE1B1400D25B87 /* Release */,
			);
			defaultConfigurationIsVisible = 0;
			defaultConfigurationName = Release;
		};
		04D7656020BE1B1400D25B87 /* Build configuration list for PBXNativeTarget "romatrix" */ = {
			isa = XCConfigurationList;
			buildConfigurations = (
				04D7656120BE1B1400D25B87 /* Debug */,
				04D7656220BE1B1400D25B87 /* Release */,
			);
			defaultConfigurationIsVisible = 0;
			defaultConfigurationName = Release;
		};
/* End XCConfigurationList section */
	};
	rootObject = 04D7655120BE1B1400D25B87 /* Project object */;
}
